// !$*UTF8*$!
{
	archiveVersion = 1;
	classes = {
	};
	objectVersion = 46;
	objects = {

/* Begin PBXBuildFile section */
		AC3849A318E5051400AF93C7 /* lex.c in Sources */ = {isa = PBXBuildFile; fileRef = AC38499518E5051400AF93C7 /* lex.c */; };
		AC3849A418E5051400AF93C7 /* alloc.c in Sources */ = {isa = PBXBuildFile; fileRef = AC38499918E5051400AF93C7 /* alloc.c */; };
		AC3849A518E5051400AF93C7 /* error.c in Sources */ = {isa = PBXBuildFile; fileRef = AC38499A18E5051400AF93C7 /* error.c */; };
		AC3849A618E5051400AF93C7 /* cc.c in Sources */ = {isa = PBXBuildFile; fileRef = AC38499D18E5051400AF93C7 /* cc.c */; };
		AC3849A718E5051400AF93C7 /* decl.c in Sources */ = {isa = PBXBuildFile; fileRef = AC38499E18E5051400AF93C7 /* decl.c */; };
		AC3849A818E5051400AF93C7 /* expr.c in Sources */ = {isa = PBXBuildFile; fileRef = AC38499F18E5051400AF93C7 /* expr.c */; };
		AC3849A918E5051400AF93C7 /* stmt.c in Sources */ = {isa = PBXBuildFile; fileRef = AC3849A018E5051400AF93C7 /* stmt.c */; };
		AC3849AA18E5051400AF93C7 /* sym.c in Sources */ = {isa = PBXBuildFile; fileRef = AC3849A118E5051400AF93C7 /* sym.c */; };
		AC3849AB18E5051400AF93C7 /* type.c in Sources */ = {isa = PBXBuildFile; fileRef = AC3849A218E5051400AF93C7 /* type.c */; };
		AC3FD56E1A429B82009AB0FC /* vector.c in Sources */ = {isa = PBXBuildFile; fileRef = AC3FD56D1A429B82009AB0FC /* vector.c */; };
		ACC92B5218E9517A00E7ED7E /* node.c in Sources */ = {isa = PBXBuildFile; fileRef = ACC92B5118E9517A00E7ED7E /* node.c */; };
/* End PBXBuildFile section */

/* Begin PBXCopyFilesBuildPhase section */
		AC38498618E504F100AF93C7 /* CopyFiles */ = {
			isa = PBXCopyFilesBuildPhase;
			buildActionMask = 2147483647;
			dstPath = /usr/share/man/man1/;
			dstSubfolderSpec = 0;
			files = (
			);
			runOnlyForDeploymentPostprocessing = 1;
		};
/* End PBXCopyFilesBuildPhase section */

/* Begin PBXFileReference section */
		AC38498818E504F100AF93C7 /* mcc */ = {isa = PBXFileReference; explicitFileType = "compiled.mach-o.executable"; includeInIndex = 0; path = mcc; sourceTree = BUILT_PRODUCTS_DIR; };
		AC38499518E5051400AF93C7 /* lex.c */ = {isa = PBXFileReference; fileEncoding = 4; lastKnownFileType = sourcecode.c.c; path = lex.c; sourceTree = "<group>"; };
		AC38499618E5051400AF93C7 /* lex.h */ = {isa = PBXFileReference; fileEncoding = 4; lastKnownFileType = sourcecode.c.h; path = lex.h; sourceTree = "<group>"; };
		AC38499718E5051400AF93C7 /* token.h */ = {isa = PBXFileReference; fileEncoding = 4; lastKnownFileType = sourcecode.c.h; path = token.h; sourceTree = "<group>"; };
		AC38499918E5051400AF93C7 /* alloc.c */ = {isa = PBXFileReference; fileEncoding = 4; lastKnownFileType = sourcecode.c.c; path = alloc.c; sourceTree = "<group>"; };
		AC38499A18E5051400AF93C7 /* error.c */ = {isa = PBXFileReference; fileEncoding = 4; lastKnownFileType = sourcecode.c.c; path = error.c; sourceTree = "<group>"; };
		AC38499B18E5051400AF93C7 /* lib.h */ = {isa = PBXFileReference; fileEncoding = 4; lastKnownFileType = sourcecode.c.h; path = lib.h; sourceTree = "<group>"; };
		AC38499C18E5051400AF93C7 /* c.h */ = {isa = PBXFileReference; fileEncoding = 4; lastKnownFileType = sourcecode.c.h; path = c.h; sourceTree = "<group>"; };
		AC38499D18E5051400AF93C7 /* cc.c */ = {isa = PBXFileReference; fileEncoding = 4; lastKnownFileType = sourcecode.c.c; path = cc.c; sourceTree = "<group>"; };
		AC38499E18E5051400AF93C7 /* decl.c */ = {isa = PBXFileReference; fileEncoding = 4; lastKnownFileType = sourcecode.c.c; path = decl.c; sourceTree = "<group>"; };
		AC38499F18E5051400AF93C7 /* expr.c */ = {isa = PBXFileReference; fileEncoding = 4; lastKnownFileType = sourcecode.c.c; path = expr.c; sourceTree = "<group>"; };
		AC3849A018E5051400AF93C7 /* stmt.c */ = {isa = PBXFileReference; fileEncoding = 4; lastKnownFileType = sourcecode.c.c; path = stmt.c; sourceTree = "<group>"; };
		AC3849A118E5051400AF93C7 /* sym.c */ = {isa = PBXFileReference; fileEncoding = 4; lastKnownFileType = sourcecode.c.c; path = sym.c; sourceTree = "<group>"; };
		AC3849A218E5051400AF93C7 /* type.c */ = {isa = PBXFileReference; fileEncoding = 4; lastKnownFileType = sourcecode.c.c; path = type.c; sourceTree = "<group>"; };
		AC3849B018E508AE00AF93C7 /* LICENSE */ = {isa = PBXFileReference; fileEncoding = 4; lastKnownFileType = text; path = LICENSE; sourceTree = SOURCE_ROOT; };
		AC3849B118E508AF00AF93C7 /* NOTES */ = {isa = PBXFileReference; fileEncoding = 4; lastKnownFileType = text; path = NOTES; sourceTree = SOURCE_ROOT; };
		AC3849B318E508AF00AF93C7 /* README.md */ = {isa = PBXFileReference; fileEncoding = 4; lastKnownFileType = text; path = README.md; sourceTree = SOURCE_ROOT; };
		AC3FD56D1A429B82009AB0FC /* vector.c */ = {isa = PBXFileReference; fileEncoding = 4; lastKnownFileType = sourcecode.c.c; path = vector.c; sourceTree = "<group>"; };
		ACB680B618EBBFA700B2E5F5 /* config.h */ = {isa = PBXFileReference; lastKnownFileType = sourcecode.c.h; path = config.h; sourceTree = "<group>"; };
		ACC92B4E18E93D5C00E7ED7E /* test.c */ = {isa = PBXFileReference; fileEncoding = 4; lastKnownFileType = sourcecode.c.c; path = test.c; sourceTree = "<group>"; };
		ACC92B5118E9517A00E7ED7E /* node.c */ = {isa = PBXFileReference; fileEncoding = 4; lastKnownFileType = sourcecode.c.c; path = node.c; sourceTree = "<group>"; };
		ACC92B5318E9520B00E7ED7E /* node.h */ = {isa = PBXFileReference; lastKnownFileType = sourcecode.c.h; path = node.h; sourceTree = "<group>"; };
/* End PBXFileReference section */

/* Begin PBXFrameworksBuildPhase section */
		AC38498518E504F100AF93C7 /* Frameworks */ = {
			isa = PBXFrameworksBuildPhase;
			buildActionMask = 2147483647;
			files = (
			);
			runOnlyForDeploymentPostprocessing = 0;
		};
/* End PBXFrameworksBuildPhase section */

/* Begin PBXGroup section */
		AC38497F18E504F100AF93C7 = {
			isa = PBXGroup;
			children = (
				AC38498A18E504F100AF93C7 /* mcc */,
				AC38498918E504F100AF93C7 /* Products */,
			);
			sourceTree = "<group>";
		};
		AC38498918E504F100AF93C7 /* Products */ = {
			isa = PBXGroup;
			children = (
				AC38498818E504F100AF93C7 /* mcc */,
			);
			name = Products;
			sourceTree = "<group>";
		};
		AC38498A18E504F100AF93C7 /* mcc */ = {
			isa = PBXGroup;
			children = (
				AC3849B018E508AE00AF93C7 /* LICENSE */,
				AC3849B118E508AF00AF93C7 /* NOTES */,
				AC3849B318E508AF00AF93C7 /* README.md */,
				AC38499418E5051400AF93C7 /* lex */,
				AC38499818E5051400AF93C7 /* lib */,
				AC38499C18E5051400AF93C7 /* c.h */,
				ACB680B618EBBFA700B2E5F5 /* config.h */,
				ACC92B5318E9520B00E7ED7E /* node.h */,
				ACC92B5118E9517A00E7ED7E /* node.c */,
				AC38499D18E5051400AF93C7 /* cc.c */,
				AC38499E18E5051400AF93C7 /* decl.c */,
				AC38499F18E5051400AF93C7 /* expr.c */,
				AC3849A018E5051400AF93C7 /* stmt.c */,
				AC3849A118E5051400AF93C7 /* sym.c */,
				AC3849A218E5051400AF93C7 /* type.c */,
				ACC92B4E18E93D5C00E7ED7E /* test.c */,
			);
			path = mcc;
			sourceTree = "<group>";
		};
		AC38499418E5051400AF93C7 /* lex */ = {
			isa = PBXGroup;
			children = (
				AC38499518E5051400AF93C7 /* lex.c */,
				AC38499618E5051400AF93C7 /* lex.h */,
				AC38499718E5051400AF93C7 /* token.h */,
			);
			path = lex;
			sourceTree = "<group>";
		};
		AC38499818E5051400AF93C7 /* lib */ = {
			isa = PBXGroup;
			children = (
				AC38499918E5051400AF93C7 /* alloc.c */,
				AC38499A18E5051400AF93C7 /* error.c */,
				AC38499B18E5051400AF93C7 /* lib.h */,
				AC3FD56D1A429B82009AB0FC /* vector.c */,
			);
			path = lib;
			sourceTree = "<group>";
		};
/* End PBXGroup section */

/* Begin PBXNativeTarget section */
		AC38498718E504F100AF93C7 /* mcc */ = {
			isa = PBXNativeTarget;
			buildConfigurationList = AC38499118E504F100AF93C7 /* Build configuration list for PBXNativeTarget "mcc" */;
			buildPhases = (
				AC38498418E504F100AF93C7 /* Sources */,
				AC38498518E504F100AF93C7 /* Frameworks */,
				AC38498618E504F100AF93C7 /* CopyFiles */,
			);
			buildRules = (
			);
			dependencies = (
			);
			name = mcc;
			productName = mcc;
			productReference = AC38498818E504F100AF93C7 /* mcc */;
			productType = "com.apple.product-type.tool";
		};
/* End PBXNativeTarget section */

/* Begin PBXProject section */
		AC38498018E504F100AF93C7 /* Project object */ = {
			isa = PBXProject;
			attributes = {
				LastUpgradeCheck = 0510;
				ORGANIZATIONNAME = "Guiyang Huang";
			};
			buildConfigurationList = AC38498318E504F100AF93C7 /* Build configuration list for PBXProject "mcc" */;
			compatibilityVersion = "Xcode 3.2";
			developmentRegion = English;
			hasScannedForEncodings = 0;
			knownRegions = (
				en,
			);
			mainGroup = AC38497F18E504F100AF93C7;
			productRefGroup = AC38498918E504F100AF93C7 /* Products */;
			projectDirPath = "";
			projectRoot = "";
			targets = (
				AC38498718E504F100AF93C7 /* mcc */,
			);
		};
/* End PBXProject section */

/* Begin PBXSourcesBuildPhase section */
		AC38498418E504F100AF93C7 /* Sources */ = {
			isa = PBXSourcesBuildPhase;
			buildActionMask = 2147483647;
			files = (
				ACC92B5218E9517A00E7ED7E /* node.c in Sources */,
				AC3849A718E5051400AF93C7 /* decl.c in Sources */,
				AC3849A518E5051400AF93C7 /* error.c in Sources */,
				AC3849A318E5051400AF93C7 /* lex.c in Sources */,
				AC3849A418E5051400AF93C7 /* alloc.c in Sources */,
				AC3FD56E1A429B82009AB0FC /* vector.c in Sources */,
				AC3849AB18E5051400AF93C7 /* type.c in Sources */,
				AC3849A918E5051400AF93C7 /* stmt.c in Sources */,
				AC3849A818E5051400AF93C7 /* expr.c in Sources */,
				AC3849A618E5051400AF93C7 /* cc.c in Sources */,
				AC3849AA18E5051400AF93C7 /* sym.c in Sources */,
			);
			runOnlyForDeploymentPostprocessing = 0;
		};
/* End PBXSourcesBuildPhase section */

/* Begin XCBuildConfiguration section */
		AC38498F18E504F100AF93C7 /* Debug */ = {
			isa = XCBuildConfiguration;
			buildSettings = {
				ALWAYS_SEARCH_USER_PATHS = NO;
				CLANG_CXX_LANGUAGE_STANDARD = "gnu++0x";
				CLANG_CXX_LIBRARY = "libc++";
				CLANG_ENABLE_MODULES = YES;
				CLANG_ENABLE_OBJC_ARC = YES;
				CLANG_WARN_BOOL_CONVERSION = YES;
				CLANG_WARN_CONSTANT_CONVERSION = YES;
				CLANG_WARN_DIRECT_OBJC_ISA_USAGE = YES_ERROR;
				CLANG_WARN_EMPTY_BODY = YES;
				CLANG_WARN_ENUM_CONVERSION = YES;
				CLANG_WARN_INT_CONVERSION = YES;
				CLANG_WARN_OBJC_ROOT_CLASS = YES_ERROR;
				CLANG_WARN__DUPLICATE_METHOD_MATCH = YES;
				COPY_PHASE_STRIP = NO;
				GCC_C_LANGUAGE_STANDARD = gnu99;
				GCC_DYNAMIC_NO_PIC = NO;
				GCC_ENABLE_OBJC_EXCEPTIONS = YES;
				GCC_OPTIMIZATION_LEVEL = 0;
				GCC_PREPROCESSOR_DEFINITIONS = (
					"DEBUG=1",
					"$(inherited)",
				);
				GCC_SYMBOLS_PRIVATE_EXTERN = NO;
				GCC_WARN_64_TO_32_BIT_CONVERSION = YES;
				GCC_WARN_ABOUT_RETURN_TYPE = YES_ERROR;
				GCC_WARN_UNDECLARED_SELECTOR = YES;
				GCC_WARN_UNINITIALIZED_AUTOS = YES_AGGRESSIVE;
				GCC_WARN_UNUSED_FUNCTION = YES;
				GCC_WARN_UNUSED_VARIABLE = YES;
				MACOSX_DEPLOYMENT_TARGET = 10.9;
				ONLY_ACTIVE_ARCH = YES;
				SDKROOT = macosx;
			};
			name = Debug;
		};
		AC38499018E504F100AF93C7 /* Release */ = {
			isa = XCBuildConfiguration;
			buildSettings = {
				ALWAYS_SEARCH_USER_PATHS = NO;
				CLANG_CXX_LANGUAGE_STANDARD = "gnu++0x";
				CLANG_CXX_LIBRARY = "libc++";
				CLANG_ENABLE_MODULES = YES;
				CLANG_ENABLE_OBJC_ARC = YES;
				CLANG_WARN_BOOL_CONVERSION = YES;
				CLANG_WARN_CONSTANT_CONVERSION = YES;
				CLANG_WARN_DIRECT_OBJC_ISA_USAGE = YES_ERROR;
				CLANG_WARN_EMPTY_BODY = YES;
				CLANG_WARN_ENUM_CONVERSION = YES;
				CLANG_WARN_INT_CONVERSION = YES;
				CLANG_WARN_OBJC_ROOT_CLASS = YES_ERROR;
				CLANG_WARN__DUPLICATE_METHOD_MATCH = YES;
				COPY_PHASE_STRIP = YES;
				DEBUG_INFORMATION_FORMAT = "dwarf-with-dsym";
				ENABLE_NS_ASSERTIONS = NO;
				GCC_C_LANGUAGE_STANDARD = gnu99;
				GCC_ENABLE_OBJC_EXCEPTIONS = YES;
				GCC_WARN_64_TO_32_BIT_CONVERSION = YES;
				GCC_WARN_ABOUT_RETURN_TYPE = YES_ERROR;
				GCC_WARN_UNDECLARED_SELECTOR = YES;
				GCC_WARN_UNINITIALIZED_AUTOS = YES_AGGRESSIVE;
				GCC_WARN_UNUSED_FUNCTION = YES;
				GCC_WARN_UNUSED_VARIABLE = YES;
				MACOSX_DEPLOYMENT_TARGET = 10.9;
				SDKROOT = macosx;
			};
			name = Release;
		};
		AC38499218E504F100AF93C7 /* Debug */ = {
			isa = XCBuildConfiguration;
			buildSettings = {
				PRODUCT_NAME = "$(TARGET_NAME)";
			};
			name = Debug;
		};
		AC38499318E504F100AF93C7 /* Release */ = {
			isa = XCBuildConfiguration;
			buildSettings = {
				PRODUCT_NAME = "$(TARGET_NAME)";
			};
			name = Release;
		};
/* End XCBuildConfiguration section */

/* Begin XCConfigurationList section */
		AC38498318E504F100AF93C7 /* Build configuration list for PBXProject "mcc" */ = {
			isa = XCConfigurationList;
			buildConfigurations = (
				AC38498F18E504F100AF93C7 /* Debug */,
				AC38499018E504F100AF93C7 /* Release */,
			);
			defaultConfigurationIsVisible = 0;
			defaultConfigurationName = Release;
		};
		AC38499118E504F100AF93C7 /* Build configuration list for PBXNativeTarget "mcc" */ = {
			isa = XCConfigurationList;
			buildConfigurations = (
				AC38499218E504F100AF93C7 /* Debug */,
				AC38499318E504F100AF93C7 /* Release */,
			);
			defaultConfigurationIsVisible = 0;
			defaultConfigurationName = Release;
		};
/* End XCConfigurationList section */
	};
	rootObject = AC38498018E504F100AF93C7 /* Project object */;
}
