// !$*UTF8*$!
{
	archiveVersion = 1;
	classes = {
	};
	objectVersion = 46;
	objects = {

/* Begin PBXBuildFile section */
		AC3110BE1AB8541F006C6275 /* sys.c in Sources */ = {isa = PBXBuildFile; fileRef = AC3110A31AB8541F006C6275 /* sys.c */; };
		AC3110C01AB8541F006C6275 /* alloc.c in Sources */ = {isa = PBXBuildFile; fileRef = AC3110A91AB8541F006C6275 /* alloc.c */; };
		AC3110C11AB8541F006C6275 /* ast.c in Sources */ = {isa = PBXBuildFile; fileRef = AC3110AA1AB8541F006C6275 /* ast.c */; };
		AC3110C21AB8541F006C6275 /* cc.c in Sources */ = {isa = PBXBuildFile; fileRef = AC3110AB1AB8541F006C6275 /* cc.c */; };
		AC3110C31AB8541F006C6275 /* cpp.c in Sources */ = {isa = PBXBuildFile; fileRef = AC3110AD1AB8541F006C6275 /* cpp.c */; };
		AC3110C41AB8541F006C6275 /* debug.c in Sources */ = {isa = PBXBuildFile; fileRef = AC3110AE1AB8541F006C6275 /* debug.c */; };
		AC3110C51AB8541F006C6275 /* decl.c in Sources */ = {isa = PBXBuildFile; fileRef = AC3110AF1AB8541F006C6275 /* decl.c */; };
		AC3110C61AB8541F006C6275 /* error.c in Sources */ = {isa = PBXBuildFile; fileRef = AC3110B01AB8541F006C6275 /* error.c */; };
		AC3110C71AB8541F006C6275 /* expr.c in Sources */ = {isa = PBXBuildFile; fileRef = AC3110B11AB8541F006C6275 /* expr.c */; };
		AC3110C81AB8541F006C6275 /* gen.c in Sources */ = {isa = PBXBuildFile; fileRef = AC3110B21AB8541F006C6275 /* gen.c */; };
		AC3110C91AB8541F006C6275 /* lex.c in Sources */ = {isa = PBXBuildFile; fileRef = AC3110B31AB8541F006C6275 /* lex.c */; };
		AC3110CA1AB8541F006C6275 /* mcc.c in Sources */ = {isa = PBXBuildFile; fileRef = AC3110B51AB8541F006C6275 /* mcc.c */; };
		AC3110CB1AB8541F006C6275 /* stmt.c in Sources */ = {isa = PBXBuildFile; fileRef = AC3110B81AB8541F006C6275 /* stmt.c */; };
		AC3110CC1AB8541F006C6275 /* string.c in Sources */ = {isa = PBXBuildFile; fileRef = AC3110B91AB8541F006C6275 /* string.c */; };
		AC3110CD1AB8541F006C6275 /* sym.c in Sources */ = {isa = PBXBuildFile; fileRef = AC3110BA1AB8541F006C6275 /* sym.c */; };
		AC3110CE1AB8541F006C6275 /* type.c in Sources */ = {isa = PBXBuildFile; fileRef = AC3110BC1AB8541F006C6275 /* type.c */; };
		AC3110CF1AB8541F006C6275 /* vector.c in Sources */ = {isa = PBXBuildFile; fileRef = AC3110BD1AB8541F006C6275 /* vector.c */; };
/* End PBXBuildFile section */

/* Begin PBXCopyFilesBuildPhase section */
		AC3110601AB853BF006C6275 /* CopyFiles */ = {
			isa = PBXCopyFilesBuildPhase;
			buildActionMask = 2147483647;
			dstPath = /usr/share/man/man1/;
			dstSubfolderSpec = 0;
			files = (
			);
			runOnlyForDeploymentPostprocessing = 1;
		};
/* End PBXCopyFilesBuildPhase section */

/* Begin PBXFileReference section */
		AC3110621AB853BF006C6275 /* mcc */ = {isa = PBXFileReference; explicitFileType = "compiled.mach-o.executable"; includeInIndex = 0; path = mcc; sourceTree = BUILT_PRODUCTS_DIR; };
		AC3110A11AB8541F006C6275 /* float.h */ = {isa = PBXFileReference; fileEncoding = 4; lastKnownFileType = sourcecode.c.h; path = float.h; sourceTree = "<group>"; };
		AC3110A21AB8541F006C6275 /* stdarg.h */ = {isa = PBXFileReference; fileEncoding = 4; lastKnownFileType = sourcecode.c.h; path = stdarg.h; sourceTree = "<group>"; };
		AC3110A31AB8541F006C6275 /* sys.c */ = {isa = PBXFileReference; fileEncoding = 4; lastKnownFileType = sourcecode.c.c; path = sys.c; sourceTree = "<group>"; };
		AC3110A91AB8541F006C6275 /* alloc.c */ = {isa = PBXFileReference; fileEncoding = 4; lastKnownFileType = sourcecode.c.c; name = alloc.c; path = src/alloc.c; sourceTree = SOURCE_ROOT; };
		AC3110AA1AB8541F006C6275 /* ast.c */ = {isa = PBXFileReference; fileEncoding = 4; lastKnownFileType = sourcecode.c.c; name = ast.c; path = src/ast.c; sourceTree = SOURCE_ROOT; };
		AC3110AB1AB8541F006C6275 /* cc.c */ = {isa = PBXFileReference; fileEncoding = 4; lastKnownFileType = sourcecode.c.c; name = cc.c; path = src/cc.c; sourceTree = SOURCE_ROOT; };
		AC3110AC1AB8541F006C6275 /* cc.h */ = {isa = PBXFileReference; fileEncoding = 4; lastKnownFileType = sourcecode.c.h; name = cc.h; path = src/cc.h; sourceTree = SOURCE_ROOT; };
		AC3110AD1AB8541F006C6275 /* cpp.c */ = {isa = PBXFileReference; fileEncoding = 4; lastKnownFileType = sourcecode.c.c; name = cpp.c; path = src/cpp.c; sourceTree = SOURCE_ROOT; };
		AC3110AE1AB8541F006C6275 /* debug.c */ = {isa = PBXFileReference; fileEncoding = 4; lastKnownFileType = sourcecode.c.c; name = debug.c; path = src/debug.c; sourceTree = SOURCE_ROOT; };
		AC3110AF1AB8541F006C6275 /* decl.c */ = {isa = PBXFileReference; fileEncoding = 4; lastKnownFileType = sourcecode.c.c; name = decl.c; path = src/decl.c; sourceTree = SOURCE_ROOT; };
		AC3110B01AB8541F006C6275 /* error.c */ = {isa = PBXFileReference; fileEncoding = 4; lastKnownFileType = sourcecode.c.c; name = error.c; path = src/error.c; sourceTree = SOURCE_ROOT; };
		AC3110B11AB8541F006C6275 /* expr.c */ = {isa = PBXFileReference; fileEncoding = 4; lastKnownFileType = sourcecode.c.c; name = expr.c; path = src/expr.c; sourceTree = SOURCE_ROOT; };
		AC3110B21AB8541F006C6275 /* gen.c */ = {isa = PBXFileReference; fileEncoding = 4; lastKnownFileType = sourcecode.c.c; name = gen.c; path = src/gen.c; sourceTree = SOURCE_ROOT; };
		AC3110B31AB8541F006C6275 /* lex.c */ = {isa = PBXFileReference; fileEncoding = 4; lastKnownFileType = sourcecode.c.c; name = lex.c; path = src/lex.c; sourceTree = SOURCE_ROOT; };
		AC3110B41AB8541F006C6275 /* lib.h */ = {isa = PBXFileReference; fileEncoding = 4; lastKnownFileType = sourcecode.c.h; name = lib.h; path = src/lib.h; sourceTree = SOURCE_ROOT; };
		AC3110B51AB8541F006C6275 /* mcc.c */ = {isa = PBXFileReference; fileEncoding = 4; lastKnownFileType = sourcecode.c.c; name = mcc.c; path = src/mcc.c; sourceTree = SOURCE_ROOT; };
		AC3110B61AB8541F006C6275 /* mcc.h */ = {isa = PBXFileReference; fileEncoding = 4; lastKnownFileType = sourcecode.c.h; name = mcc.h; path = src/mcc.h; sourceTree = SOURCE_ROOT; };
		AC3110B71AB8541F006C6275 /* node.h */ = {isa = PBXFileReference; fileEncoding = 4; lastKnownFileType = sourcecode.c.h; name = node.h; path = src/node.h; sourceTree = SOURCE_ROOT; };
		AC3110B81AB8541F006C6275 /* stmt.c */ = {isa = PBXFileReference; fileEncoding = 4; lastKnownFileType = sourcecode.c.c; name = stmt.c; path = src/stmt.c; sourceTree = SOURCE_ROOT; };
		AC3110B91AB8541F006C6275 /* string.c */ = {isa = PBXFileReference; fileEncoding = 4; lastKnownFileType = sourcecode.c.c; name = string.c; path = src/string.c; sourceTree = SOURCE_ROOT; };
		AC3110BA1AB8541F006C6275 /* sym.c */ = {isa = PBXFileReference; fileEncoding = 4; lastKnownFileType = sourcecode.c.c; name = sym.c; path = src/sym.c; sourceTree = SOURCE_ROOT; };
		AC3110BB1AB8541F006C6275 /* token.h */ = {isa = PBXFileReference; fileEncoding = 4; lastKnownFileType = sourcecode.c.h; name = token.h; path = src/token.h; sourceTree = SOURCE_ROOT; };
		AC3110BC1AB8541F006C6275 /* type.c */ = {isa = PBXFileReference; fileEncoding = 4; lastKnownFileType = sourcecode.c.c; name = type.c; path = src/type.c; sourceTree = SOURCE_ROOT; };
		AC3110BD1AB8541F006C6275 /* vector.c */ = {isa = PBXFileReference; fileEncoding = 4; lastKnownFileType = sourcecode.c.c; name = vector.c; path = src/vector.c; sourceTree = SOURCE_ROOT; };
/* End PBXFileReference section */

/* Begin PBXFrameworksBuildPhase section */
		AC31105F1AB853BF006C6275 /* Frameworks */ = {
			isa = PBXFrameworksBuildPhase;
			buildActionMask = 2147483647;
			files = (
			);
			runOnlyForDeploymentPostprocessing = 0;
		};
/* End PBXFrameworksBuildPhase section */

/* Begin PBXGroup section */
		AC3110591AB853BE006C6275 = {
			isa = PBXGroup;
			children = (
				AC3110641AB853BF006C6275 /* mcc */,
				AC3110631AB853BF006C6275 /* Products */,
			);
			sourceTree = "<group>";
		};
		AC3110631AB853BF006C6275 /* Products */ = {
			isa = PBXGroup;
			children = (
				AC3110621AB853BF006C6275 /* mcc */,
			);
			name = Products;
			sourceTree = "<group>";
		};
		AC3110641AB853BF006C6275 /* mcc */ = {
			isa = PBXGroup;
			children = (
				AC31109E1AB8541F006C6275 /* etc */,
				AC3110A91AB8541F006C6275 /* alloc.c */,
				AC3110AA1AB8541F006C6275 /* ast.c */,
				AC3110AB1AB8541F006C6275 /* cc.c */,
				AC3110AC1AB8541F006C6275 /* cc.h */,
				AC3110AD1AB8541F006C6275 /* cpp.c */,
				AC3110AE1AB8541F006C6275 /* debug.c */,
				AC3110AF1AB8541F006C6275 /* decl.c */,
				AC3110B01AB8541F006C6275 /* error.c */,
				AC3110B11AB8541F006C6275 /* expr.c */,
				AC3110B21AB8541F006C6275 /* gen.c */,
				AC3110B31AB8541F006C6275 /* lex.c */,
				AC3110B41AB8541F006C6275 /* lib.h */,
				AC3110B51AB8541F006C6275 /* mcc.c */,
				AC3110B61AB8541F006C6275 /* mcc.h */,
				AC3110B71AB8541F006C6275 /* node.h */,
				AC3110B81AB8541F006C6275 /* stmt.c */,
				AC3110B91AB8541F006C6275 /* string.c */,
				AC3110BA1AB8541F006C6275 /* sym.c */,
				AC3110BB1AB8541F006C6275 /* token.h */,
				AC3110BC1AB8541F006C6275 /* type.c */,
				AC3110BD1AB8541F006C6275 /* vector.c */,
			);
			path = mcc;
			sourceTree = "<group>";
		};
		AC31109E1AB8541F006C6275 /* etc */ = {
			isa = PBXGroup;
			children = (
				AC31109F1AB8541F006C6275 /* darwin */,
			);
			name = etc;
			path = src/etc;
			sourceTree = SOURCE_ROOT;
		};
		AC31109F1AB8541F006C6275 /* darwin */ = {
			isa = PBXGroup;
			children = (
				AC3110A01AB8541F006C6275 /* include */,
				AC3110A31AB8541F006C6275 /* sys.c */,
			);
			path = darwin;
			sourceTree = "<group>";
		};
		AC3110A01AB8541F006C6275 /* include */ = {
			isa = PBXGroup;
			children = (
				AC3110A11AB8541F006C6275 /* float.h */,
				AC3110A21AB8541F006C6275 /* stdarg.h */,
			);
			path = include;
			sourceTree = "<group>";
		};
/* End PBXGroup section */

/* Begin PBXNativeTarget section */
		AC3110611AB853BF006C6275 /* mcc */ = {
			isa = PBXNativeTarget;
			buildConfigurationList = AC3110691AB853BF006C6275 /* Build configuration list for PBXNativeTarget "mcc" */;
			buildPhases = (
				AC31105E1AB853BF006C6275 /* Sources */,
				AC31105F1AB853BF006C6275 /* Frameworks */,
				AC3110601AB853BF006C6275 /* CopyFiles */,
			);
			buildRules = (
			);
			dependencies = (
			);
			name = mcc;
			productName = mcc;
			productReference = AC3110621AB853BF006C6275 /* mcc */;
			productType = "com.apple.product-type.tool";
		};
/* End PBXNativeTarget section */

/* Begin PBXProject section */
		AC31105A1AB853BE006C6275 /* Project object */ = {
			isa = PBXProject;
			attributes = {
				LastUpgradeCheck = 0610;
				ORGANIZATIONNAME = mario;
				TargetAttributes = {
					AC3110611AB853BF006C6275 = {
						CreatedOnToolsVersion = 6.1.1;
					};
				};
			};
			buildConfigurationList = AC31105D1AB853BE006C6275 /* Build configuration list for PBXProject "mcc" */;
			compatibilityVersion = "Xcode 3.2";
			developmentRegion = English;
			hasScannedForEncodings = 0;
			knownRegions = (
				en,
			);
			mainGroup = AC3110591AB853BE006C6275;
			productRefGroup = AC3110631AB853BF006C6275 /* Products */;
			projectDirPath = "";
			projectRoot = "";
			targets = (
				AC3110611AB853BF006C6275 /* mcc */,
			);
		};
/* End PBXProject section */

/* Begin PBXSourcesBuildPhase section */
		AC31105E1AB853BF006C6275 /* Sources */ = {
			isa = PBXSourcesBuildPhase;
			buildActionMask = 2147483647;
			files = (
				AC3110CA1AB8541F006C6275 /* mcc.c in Sources */,
				AC3110C81AB8541F006C6275 /* gen.c in Sources */,
				AC3110C71AB8541F006C6275 /* expr.c in Sources */,
				AC3110C01AB8541F006C6275 /* alloc.c in Sources */,
				AC3110C91AB8541F006C6275 /* lex.c in Sources */,
				AC3110C41AB8541F006C6275 /* debug.c in Sources */,
				AC3110BE1AB8541F006C6275 /* sys.c in Sources */,
				AC3110C61AB8541F006C6275 /* error.c in Sources */,
				AC3110CF1AB8541F006C6275 /* vector.c in Sources */,
				AC3110C11AB8541F006C6275 /* ast.c in Sources */,
				AC3110CC1AB8541F006C6275 /* string.c in Sources */,
				AC3110C31AB8541F006C6275 /* cpp.c in Sources */,
				AC3110CE1AB8541F006C6275 /* type.c in Sources */,
				AC3110C21AB8541F006C6275 /* cc.c in Sources */,
				AC3110CB1AB8541F006C6275 /* stmt.c in Sources */,
				AC3110C51AB8541F006C6275 /* decl.c in Sources */,
				AC3110CD1AB8541F006C6275 /* sym.c in Sources */,
			);
			runOnlyForDeploymentPostprocessing = 0;
		};
/* End PBXSourcesBuildPhase section */

/* Begin XCBuildConfiguration section */
		AC3110671AB853BF006C6275 /* Debug */ = {
			isa = XCBuildConfiguration;
			buildSettings = {
				ALWAYS_SEARCH_USER_PATHS = NO;
				CLANG_CXX_LANGUAGE_STANDARD = "gnu++0x";
				CLANG_CXX_LIBRARY = "libc++";
				CLANG_ENABLE_MODULES = YES;
				CLANG_ENABLE_OBJC_ARC = YES;
				CLANG_WARN_BOOL_CONVERSION = YES;
				CLANG_WARN_CONSTANT_CONVERSION = YES;
				CLANG_WARN_DIRECT_OBJC_ISA_USAGE = YES_ERROR;
				CLANG_WARN_EMPTY_BODY = YES;
				CLANG_WARN_ENUM_CONVERSION = YES;
				CLANG_WARN_INT_CONVERSION = YES;
				CLANG_WARN_OBJC_ROOT_CLASS = YES_ERROR;
				CLANG_WARN_UNREACHABLE_CODE = YES;
				CLANG_WARN__DUPLICATE_METHOD_MATCH = YES;
				COPY_PHASE_STRIP = NO;
				ENABLE_STRICT_OBJC_MSGSEND = YES;
				GCC_C_LANGUAGE_STANDARD = gnu99;
				GCC_DYNAMIC_NO_PIC = NO;
				GCC_OPTIMIZATION_LEVEL = 0;
				GCC_PREPROCESSOR_DEFINITIONS = (
					"DEBUG=1",
					"$(inherited)",
				);
				GCC_SYMBOLS_PRIVATE_EXTERN = NO;
				GCC_WARN_64_TO_32_BIT_CONVERSION = YES;
				GCC_WARN_ABOUT_RETURN_TYPE = YES_ERROR;
				GCC_WARN_UNDECLARED_SELECTOR = YES;
				GCC_WARN_UNINITIALIZED_AUTOS = YES_AGGRESSIVE;
				GCC_WARN_UNUSED_FUNCTION = YES;
				GCC_WARN_UNUSED_VARIABLE = YES;
				MACOSX_DEPLOYMENT_TARGET = 10.10;
				MTL_ENABLE_DEBUG_INFO = YES;
				ONLY_ACTIVE_ARCH = YES;
				SDKROOT = macosx;
			};
			name = Debug;
		};
		AC3110681AB853BF006C6275 /* Release */ = {
			isa = XCBuildConfiguration;
			buildSettings = {
				ALWAYS_SEARCH_USER_PATHS = NO;
				CLANG_CXX_LANGUAGE_STANDARD = "gnu++0x";
				CLANG_CXX_LIBRARY = "libc++";
				CLANG_ENABLE_MODULES = YES;
				CLANG_ENABLE_OBJC_ARC = YES;
				CLANG_WARN_BOOL_CONVERSION = YES;
				CLANG_WARN_CONSTANT_CONVERSION = YES;
				CLANG_WARN_DIRECT_OBJC_ISA_USAGE = YES_ERROR;
				CLANG_WARN_EMPTY_BODY = YES;
				CLANG_WARN_ENUM_CONVERSION = YES;
				CLANG_WARN_INT_CONVERSION = YES;
				CLANG_WARN_OBJC_ROOT_CLASS = YES_ERROR;
				CLANG_WARN_UNREACHABLE_CODE = YES;
				CLANG_WARN__DUPLICATE_METHOD_MATCH = YES;
				COPY_PHASE_STRIP = YES;
				DEBUG_INFORMATION_FORMAT = "dwarf-with-dsym";
				ENABLE_NS_ASSERTIONS = NO;
				ENABLE_STRICT_OBJC_MSGSEND = YES;
				GCC_C_LANGUAGE_STANDARD = gnu99;
				GCC_WARN_64_TO_32_BIT_CONVERSION = YES;
				GCC_WARN_ABOUT_RETURN_TYPE = YES_ERROR;
				GCC_WARN_UNDECLARED_SELECTOR = YES;
				GCC_WARN_UNINITIALIZED_AUTOS = YES_AGGRESSIVE;
				GCC_WARN_UNUSED_FUNCTION = YES;
				GCC_WARN_UNUSED_VARIABLE = YES;
				MACOSX_DEPLOYMENT_TARGET = 10.10;
				MTL_ENABLE_DEBUG_INFO = NO;
				SDKROOT = macosx;
			};
			name = Release;
		};
		AC31106A1AB853BF006C6275 /* Debug */ = {
			isa = XCBuildConfiguration;
			buildSettings = {
				GCC_C_LANGUAGE_STANDARD = c99;
				PRODUCT_NAME = "$(TARGET_NAME)";
			};
			name = Debug;
		};
		AC31106B1AB853BF006C6275 /* Release */ = {
			isa = XCBuildConfiguration;
			buildSettings = {
				GCC_C_LANGUAGE_STANDARD = c99;
				PRODUCT_NAME = "$(TARGET_NAME)";
			};
			name = Release;
		};
/* End XCBuildConfiguration section */

/* Begin XCConfigurationList section */
		AC31105D1AB853BE006C6275 /* Build configuration list for PBXProject "mcc" */ = {
			isa = XCConfigurationList;
			buildConfigurations = (
				AC3110671AB853BF006C6275 /* Debug */,
				AC3110681AB853BF006C6275 /* Release */,
			);
			defaultConfigurationIsVisible = 0;
			defaultConfigurationName = Release;
		};
		AC3110691AB853BF006C6275 /* Build configuration list for PBXNativeTarget "mcc" */ = {
			isa = XCConfigurationList;
			buildConfigurations = (
				AC31106A1AB853BF006C6275 /* Debug */,
				AC31106B1AB853BF006C6275 /* Release */,
			);
			defaultConfigurationIsVisible = 0;
			defaultConfigurationName = Release;
		};
/* End XCConfigurationList section */
	};
	rootObject = AC31105A1AB853BE006C6275 /* Project object */;
}
